
Microsoft Visual Studio Solution File, Format Version 12.00
# Visual Studio Version 16
VisualStudioVersion = 16.0.29519.181
MinimumVisualStudioVersion = 10.0.40219.1
Project("{9A19103F-16F7-4668-BE54-9A1E7A4F7556}") = "JWTTokenUsingMiddleware", "JWTTokenUsingMiddleware\JWTTokenUsingMiddleware.csproj", "{244B4D3F-A7AD-4355-8687-4A83852D6694}"
EndProject
Project("{9A19103F-16F7-4668-BE54-9A1E7A4F7556}") = "JWTTokenStandard", "JWTTokenStandard\JWTTokenStandard.csproj", "{A7F18D7B-C3E6-461E-8F10-163C213CDC24}"
EndProject
Project("{FAE04EC0-301F-11D3-BF4B-00C04F79EFBC}") = "JWTCustomHeader", "JWTCustomHeader\JWTCustomHeader.csproj", "{22DD03FC-2BD6-4FC6-BFAE-28A53DA222C3}"
EndProject
Global
	GlobalSection(SolutionConfigurationPlatforms) = preSolution
		Debug|Any CPU = Debug|Any CPU
		Release|Any CPU = Release|Any CPU
	EndGlobalSection
	GlobalSection(ProjectConfigurationPlatforms) = postSolution
		{244B4D3F-A7AD-4355-8687-4A83852D6694}.Debug|Any CPU.ActiveCfg = Debug|Any CPU
		{244B4D3F-A7AD-4355-8687-4A83852D6694}.Debug|Any CPU.Build.0 = Debug|Any CPU
		{244B4D3F-A7AD-4355-8687-4A83852D6694}.Release|Any CPU.ActiveCfg = Release|Any CPU
		{244B4D3F-A7AD-4355-8687-4A83852D6694}.Release|Any CPU.Build.0 = Release|Any CPU
		{A7F18D7B-C3E6-461E-8F10-163C213CDC24}.Debug|Any CPU.ActiveCfg = Debug|Any CPU
		{A7F18D7B-C3E6-461E-8F10-163C213CDC24}.Debug|Any CPU.Build.0 = Debug|Any CPU
		{A7F18D7B-C3E6-461E-8F10-163C213CDC24}.Release|Any CPU.ActiveCfg = Release|Any CPU
		{A7F18D7B-C3E6-461E-8F10-163C213CDC24}.Release|Any CPU.Build.0 = Release|Any CPU
		{22DD03FC-2BD6-4FC6-BFAE-28A53DA222C3}.Debug|Any CPU.ActiveCfg = Debug|Any CPU
		{22DD03FC-2BD6-4FC6-BFAE-28A53DA222C3}.Debug|Any CPU.Build.0 = Debug|Any CPU
		{22DD03FC-2BD6-4FC6-BFAE-28A53DA222C3}.Release|Any CPU.ActiveCfg = Release|Any CPU
		{22DD03FC-2BD6-4FC6-BFAE-28A53DA222C3}.Release|Any CPU.Build.0 = Release|Any CPU
	EndGlobalSection
	GlobalSection(SolutionProperties) = preSolution
		HideSolutionNode = FALSE
	EndGlobalSection
	GlobalSection(ExtensibilityGlobals) = postSolution
		SolutionGuid = {D90312C3-F7F1-4D65-8703-4774C311A5BA}
	EndGlobalSection
EndGlobal
